// !$*UTF8*$!
{
	archiveVersion = 1;
	classes = {
	};
	objectVersion = 46;
	objects = {

/* Begin PBXBuildFile section */
		1B7107C51F44E37500DF592A /* AppDelegate.swift in Sources */ = {isa = PBXBuildFile; fileRef = 1B7107C41F44E37500DF592A /* AppDelegate.swift */; };
		1B7107C71F44E37500DF592A /* ViewController.swift in Sources */ = {isa = PBXBuildFile; fileRef = 1B7107C61F44E37500DF592A /* ViewController.swift */; };
		1B7107CA1F44E37500DF592A /* Main.storyboard in Resources */ = {isa = PBXBuildFile; fileRef = 1B7107C81F44E37500DF592A /* Main.storyboard */; };
		1B7107CD1F44E37500DF592A /* Grow.xcdatamodeld in Sources */ = {isa = PBXBuildFile; fileRef = 1B7107CB1F44E37500DF592A /* Grow.xcdatamodeld */; };
		1B7107CF1F44E37500DF592A /* Assets.xcassets in Resources */ = {isa = PBXBuildFile; fileRef = 1B7107CE1F44E37500DF592A /* Assets.xcassets */; };
		1B7107D21F44E37500DF592A /* LaunchScreen.storyboard in Resources */ = {isa = PBXBuildFile; fileRef = 1B7107D01F44E37500DF592A /* LaunchScreen.storyboard */; };
		1B7107DD1F44E37500DF592A /* GrowTests.swift in Sources */ = {isa = PBXBuildFile; fileRef = 1B7107DC1F44E37500DF592A /* GrowTests.swift */; };
		1B7107E81F44E37500DF592A /* GrowUITests.swift in Sources */ = {isa = PBXBuildFile; fileRef = 1B7107E71F44E37500DF592A /* GrowUITests.swift */; };
		1B7107F61F46A37000DF592A /* RatingControl.swift in Sources */ = {isa = PBXBuildFile; fileRef = 1B7107F51F46A37000DF592A /* RatingControl.swift */; };
		1B7107F81F46B69B00DF592A /* Food.swift in Sources */ = {isa = PBXBuildFile; fileRef = 1B7107F71F46B69B00DF592A /* Food.swift */; };
/* End PBXBuildFile section */

/* Begin PBXContainerItemProxy section */
		1B7107D91F44E37500DF592A /* PBXContainerItemProxy */ = {
			isa = PBXContainerItemProxy;
			containerPortal = 1B7107B91F44E37500DF592A /* Project object */;
			proxyType = 1;
			remoteGlobalIDString = 1B7107C01F44E37500DF592A;
			remoteInfo = Grow;
		};
		1B7107E41F44E37500DF592A /* PBXContainerItemProxy */ = {
			isa = PBXContainerItemProxy;
			containerPortal = 1B7107B91F44E37500DF592A /* Project object */;
			proxyType = 1;
			remoteGlobalIDString = 1B7107C01F44E37500DF592A;
			remoteInfo = Grow;
		};
/* End PBXContainerItemProxy section */

/* Begin PBXFileReference section */
		1B7107C11F44E37500DF592A /* Grow.app */ = {isa = PBXFileReference; explicitFileType = wrapper.application; includeInIndex = 0; path = Grow.app; sourceTree = BUILT_PRODUCTS_DIR; };
		1B7107C41F44E37500DF592A /* AppDelegate.swift */ = {isa = PBXFileReference; lastKnownFileType = sourcecode.swift; path = AppDelegate.swift; sourceTree = "<group>"; };
		1B7107C61F44E37500DF592A /* ViewController.swift */ = {isa = PBXFileReference; lastKnownFileType = sourcecode.swift; path = ViewController.swift; sourceTree = "<group>"; };
		1B7107C91F44E37500DF592A /* Base */ = {isa = PBXFileReference; lastKnownFileType = file.storyboard; name = Base; path = Base.lproj/Main.storyboard; sourceTree = "<group>"; };
		1B7107CC1F44E37500DF592A /* Grow.xcdatamodel */ = {isa = PBXFileReference; lastKnownFileType = wrapper.xcdatamodel; path = Grow.xcdatamodel; sourceTree = "<group>"; };
		1B7107CE1F44E37500DF592A /* Assets.xcassets */ = {isa = PBXFileReference; lastKnownFileType = folder.assetcatalog; path = Assets.xcassets; sourceTree = "<group>"; };
		1B7107D11F44E37500DF592A /* Base */ = {isa = PBXFileReference; lastKnownFileType = file.storyboard; name = Base; path = Base.lproj/LaunchScreen.storyboard; sourceTree = "<group>"; };
		1B7107D31F44E37500DF592A /* Info.plist */ = {isa = PBXFileReference; lastKnownFileType = text.plist.xml; path = Info.plist; sourceTree = "<group>"; };
		1B7107D81F44E37500DF592A /* GrowTests.xctest */ = {isa = PBXFileReference; explicitFileType = wrapper.cfbundle; includeInIndex = 0; path = GrowTests.xctest; sourceTree = BUILT_PRODUCTS_DIR; };
		1B7107DC1F44E37500DF592A /* GrowTests.swift */ = {isa = PBXFileReference; lastKnownFileType = sourcecode.swift; path = GrowTests.swift; sourceTree = "<group>"; };
		1B7107DE1F44E37500DF592A /* Info.plist */ = {isa = PBXFileReference; lastKnownFileType = text.plist.xml; path = Info.plist; sourceTree = "<group>"; };
		1B7107E31F44E37500DF592A /* GrowUITests.xctest */ = {isa = PBXFileReference; explicitFileType = wrapper.cfbundle; includeInIndex = 0; path = GrowUITests.xctest; sourceTree = BUILT_PRODUCTS_DIR; };
		1B7107E71F44E37500DF592A /* GrowUITests.swift */ = {isa = PBXFileReference; lastKnownFileType = sourcecode.swift; path = GrowUITests.swift; sourceTree = "<group>"; };
		1B7107E91F44E37500DF592A /* Info.plist */ = {isa = PBXFileReference; lastKnownFileType = text.plist.xml; path = Info.plist; sourceTree = "<group>"; };
		1B7107F51F46A37000DF592A /* RatingControl.swift */ = {isa = PBXFileReference; fileEncoding = 4; lastKnownFileType = sourcecode.swift; path = RatingControl.swift; sourceTree = "<group>"; };
		1B7107F71F46B69B00DF592A /* Food.swift */ = {isa = PBXFileReference; fileEncoding = 4; lastKnownFileType = sourcecode.swift; path = Food.swift; sourceTree = "<group>"; };
/* End PBXFileReference section */

/* Begin PBXFrameworksBuildPhase section */
		1B7107BE1F44E37500DF592A /* Frameworks */ = {
			isa = PBXFrameworksBuildPhase;
			buildActionMask = 2147483647;
			files = (
			);
			runOnlyForDeploymentPostprocessing = 0;
		};
		1B7107D51F44E37500DF592A /* Frameworks */ = {
			isa = PBXFrameworksBuildPhase;
			buildActionMask = 2147483647;
			files = (
			);
			runOnlyForDeploymentPostprocessing = 0;
		};
		1B7107E01F44E37500DF592A /* Frameworks */ = {
			isa = PBXFrameworksBuildPhase;
			buildActionMask = 2147483647;
			files = (
			);
			runOnlyForDeploymentPostprocessing = 0;
		};
/* End PBXFrameworksBuildPhase section */

/* Begin PBXGroup section */
		1B7107B81F44E37500DF592A = {
			isa = PBXGroup;
			children = (
				1B7107C31F44E37500DF592A /* Grow */,
				1B7107DB1F44E37500DF592A /* GrowTests */,
				1B7107E61F44E37500DF592A /* GrowUITests */,
				1B7107C21F44E37500DF592A /* Products */,
			);
			sourceTree = "<group>";
		};
		1B7107C21F44E37500DF592A /* Products */ = {
			isa = PBXGroup;
			children = (
				1B7107C11F44E37500DF592A /* Grow.app */,
				1B7107D81F44E37500DF592A /* GrowTests.xctest */,
				1B7107E31F44E37500DF592A /* GrowUITests.xctest */,
			);
			name = Products;
			sourceTree = "<group>";
		};
		1B7107C31F44E37500DF592A /* Grow */ = {
			isa = PBXGroup;
			children = (
				1B7107C41F44E37500DF592A /* AppDelegate.swift */,
				1B7107C61F44E37500DF592A /* ViewController.swift */,
				1B7107F51F46A37000DF592A /* RatingControl.swift */,
				1B7107C81F44E37500DF592A /* Main.storyboard */,
				1B7107F71F46B69B00DF592A /* Food.swift */,
				1B7107CE1F44E37500DF592A /* Assets.xcassets */,
				1B7107D01F44E37500DF592A /* LaunchScreen.storyboard */,
				1B7107D31F44E37500DF592A /* Info.plist */,
				1B7107CB1F44E37500DF592A /* Grow.xcdatamodeld */,
			);
			path = Grow;
			sourceTree = "<group>";
		};
		1B7107DB1F44E37500DF592A /* GrowTests */ = {
			isa = PBXGroup;
			children = (
				1B7107DC1F44E37500DF592A /* GrowTests.swift */,
				1B7107DE1F44E37500DF592A /* Info.plist */,
			);
			path = GrowTests;
			sourceTree = "<group>";
		};
		1B7107E61F44E37500DF592A /* GrowUITests */ = {
			isa = PBXGroup;
			children = (
				1B7107E71F44E37500DF592A /* GrowUITests.swift */,
				1B7107E91F44E37500DF592A /* Info.plist */,
			);
			path = GrowUITests;
			sourceTree = "<group>";
		};
/* End PBXGroup section */

/* Begin PBXNativeTarget section */
		1B7107C01F44E37500DF592A /* Grow */ = {
			isa = PBXNativeTarget;
			buildConfigurationList = 1B7107EC1F44E37500DF592A /* Build configuration list for PBXNativeTarget "Grow" */;
			buildPhases = (
				1B7107BD1F44E37500DF592A /* Sources */,
				1B7107BE1F44E37500DF592A /* Frameworks */,
				1B7107BF1F44E37500DF592A /* Resources */,
			);
			buildRules = (
			);
			dependencies = (
			);
			name = Grow;
			productName = Grow;
			productReference = 1B7107C11F44E37500DF592A /* Grow.app */;
			productType = "com.apple.product-type.application";
		};
		1B7107D71F44E37500DF592A /* GrowTests */ = {
			isa = PBXNativeTarget;
			buildConfigurationList = 1B7107EF1F44E37500DF592A /* Build configuration list for PBXNativeTarget "GrowTests" */;
			buildPhases = (
				1B7107D41F44E37500DF592A /* Sources */,
				1B7107D51F44E37500DF592A /* Frameworks */,
				1B7107D61F44E37500DF592A /* Resources */,
			);
			buildRules = (
			);
			dependencies = (
				1B7107DA1F44E37500DF592A /* PBXTargetDependency */,
			);
			name = GrowTests;
			productName = GrowTests;
			productReference = 1B7107D81F44E37500DF592A /* GrowTests.xctest */;
			productType = "com.apple.product-type.bundle.unit-test";
		};
		1B7107E21F44E37500DF592A /* GrowUITests */ = {
			isa = PBXNativeTarget;
			buildConfigurationList = 1B7107F21F44E37500DF592A /* Build configuration list for PBXNativeTarget "GrowUITests" */;
			buildPhases = (
				1B7107DF1F44E37500DF592A /* Sources */,
				1B7107E01F44E37500DF592A /* Frameworks */,
				1B7107E11F44E37500DF592A /* Resources */,
			);
			buildRules = (
			);
			dependencies = (
				1B7107E51F44E37500DF592A /* PBXTargetDependency */,
			);
			name = GrowUITests;
			productName = GrowUITests;
			productReference = 1B7107E31F44E37500DF592A /* GrowUITests.xctest */;
			productType = "com.apple.product-type.bundle.ui-testing";
		};
/* End PBXNativeTarget section */

/* Begin PBXProject section */
		1B7107B91F44E37500DF592A /* Project object */ = {
			isa = PBXProject;
			attributes = {
				LastSwiftUpdateCheck = 0830;
				LastUpgradeCheck = 0830;
				ORGANIZATIONNAME = "Bob Breznak";
				TargetAttributes = {
					1B7107C01F44E37500DF592A = {
						CreatedOnToolsVersion = 8.3.3;
						DevelopmentTeam = MEK3H9HNF9;
						ProvisioningStyle = Automatic;
					};
					1B7107D71F44E37500DF592A = {
						CreatedOnToolsVersion = 8.3.3;
						DevelopmentTeam = MEK3H9HNF9;
						ProvisioningStyle = Automatic;
						TestTargetID = 1B7107C01F44E37500DF592A;
					};
					1B7107E21F44E37500DF592A = {
						CreatedOnToolsVersion = 8.3.3;
						DevelopmentTeam = MEK3H9HNF9;
						ProvisioningStyle = Automatic;
						TestTargetID = 1B7107C01F44E37500DF592A;
					};
				};
			};
			buildConfigurationList = 1B7107BC1F44E37500DF592A /* Build configuration list for PBXProject "Grow" */;
			compatibilityVersion = "Xcode 3.2";
			developmentRegion = English;
			hasScannedForEncodings = 0;
			knownRegions = (
				en,
				Base,
			);
			mainGroup = 1B7107B81F44E37500DF592A;
			productRefGroup = 1B7107C21F44E37500DF592A /* Products */;
			projectDirPath = "";
			projectRoot = "";
			targets = (
				1B7107C01F44E37500DF592A /* Grow */,
				1B7107D71F44E37500DF592A /* GrowTests */,
				1B7107E21F44E37500DF592A /* GrowUITests */,
			);
		};
/* End PBXProject section */

/* Begin PBXResourcesBuildPhase section */
		1B7107BF1F44E37500DF592A /* Resources */ = {
			isa = PBXResourcesBuildPhase;
			buildActionMask = 2147483647;
			files = (
				1B7107D21F44E37500DF592A /* LaunchScreen.storyboard in Resources */,
				1B7107CF1F44E37500DF592A /* Assets.xcassets in Resources */,
				1B7107CA1F44E37500DF592A /* Main.storyboard in Resources */,
			);
			runOnlyForDeploymentPostprocessing = 0;
		};
		1B7107D61F44E37500DF592A /* Resources */ = {
			isa = PBXResourcesBuildPhase;
			buildActionMask = 2147483647;
			files = (
			);
			runOnlyForDeploymentPostprocessing = 0;
		};
		1B7107E11F44E37500DF592A /* Resources */ = {
			isa = PBXResourcesBuildPhase;
			buildActionMask = 2147483647;
			files = (
			);
			runOnlyForDeploymentPostprocessing = 0;
		};
/* End PBXResourcesBuildPhase section */

/* Begin PBXSourcesBuildPhase section */
		1B7107BD1F44E37500DF592A /* Sources */ = {
			isa = PBXSourcesBuildPhase;
			buildActionMask = 2147483647;
			files = (
				1B7107F61F46A37000DF592A /* RatingControl.swift in Sources */,
				1B7107C71F44E37500DF592A /* ViewController.swift in Sources */,
				1B7107F81F46B69B00DF592A /* Food.swift in Sources */,
				1B7107C51F44E37500DF592A /* AppDelegate.swift in Sources */,
				1B7107CD1F44E37500DF592A /* Grow.xcdatamodeld in Sources */,
			);
			runOnlyForDeploymentPostprocessing = 0;
		};
		1B7107D41F44E37500DF592A /* Sources */ = {
			isa = PBXSourcesBuildPhase;
			buildActionMask = 2147483647;
			files = (
				1B7107DD1F44E37500DF592A /* GrowTests.swift in Sources */,
			);
			runOnlyForDeploymentPostprocessing = 0;
		};
		1B7107DF1F44E37500DF592A /* Sources */ = {
			isa = PBXSourcesBuildPhase;
			buildActionMask = 2147483647;
			files = (
				1B7107E81F44E37500DF592A /* GrowUITests.swift in Sources */,
			);
			runOnlyForDeploymentPostprocessing = 0;
		};
/* End PBXSourcesBuildPhase section */

/* Begin PBXTargetDependency section */
		1B7107DA1F44E37500DF592A /* PBXTargetDependency */ = {
			isa = PBXTargetDependency;
			target = 1B7107C01F44E37500DF592A /* Grow */;
			targetProxy = 1B7107D91F44E37500DF592A /* PBXContainerItemProxy */;
		};
		1B7107E51F44E37500DF592A /* PBXTargetDependency */ = {
			isa = PBXTargetDependency;
			target = 1B7107C01F44E37500DF592A /* Grow */;
			targetProxy = 1B7107E41F44E37500DF592A /* PBXContainerItemProxy */;
		};
/* End PBXTargetDependency section */

/* Begin PBXVariantGroup section */
		1B7107C81F44E37500DF592A /* Main.storyboard */ = {
			isa = PBXVariantGroup;
			children = (
				1B7107C91F44E37500DF592A /* Base */,
			);
			name = Main.storyboard;
			sourceTree = "<group>";
		};
		1B7107D01F44E37500DF592A /* LaunchScreen.storyboard */ = {
			isa = PBXVariantGroup;
			children = (
				1B7107D11F44E37500DF592A /* Base */,
			);
			name = LaunchScreen.storyboard;
			sourceTree = "<group>";
		};
/* End PBXVariantGroup section */

/* Begin XCBuildConfiguration section */
		1B7107EA1F44E37500DF592A /* Debug */ = {
			isa = XCBuildConfiguration;
			buildSettings = {
				ALWAYS_SEARCH_USER_PATHS = NO;
				CLANG_ANALYZER_NONNULL = YES;
				CLANG_ANALYZER_NUMBER_OBJECT_CONVERSION = YES_AGGRESSIVE;
				CLANG_CXX_LANGUAGE_STANDARD = "gnu++0x";
				CLANG_CXX_LIBRARY = "libc++";
				CLANG_ENABLE_MODULES = YES;
				CLANG_ENABLE_OBJC_ARC = YES;
				CLANG_WARN_BOOL_CONVERSION = YES;
				CLANG_WARN_CONSTANT_CONVERSION = YES;
				CLANG_WARN_DIRECT_OBJC_ISA_USAGE = YES_ERROR;
				CLANG_WARN_DOCUMENTATION_COMMENTS = YES;
				CLANG_WARN_EMPTY_BODY = YES;
				CLANG_WARN_ENUM_CONVERSION = YES;
				CLANG_WARN_INFINITE_RECURSION = YES;
				CLANG_WARN_INT_CONVERSION = YES;
				CLANG_WARN_OBJC_ROOT_CLASS = YES_ERROR;
				CLANG_WARN_SUSPICIOUS_MOVE = YES;
				CLANG_WARN_UNREACHABLE_CODE = YES;
				CLANG_WARN__DUPLICATE_METHOD_MATCH = YES;
				"CODE_SIGN_IDENTITY[sdk=iphoneos*]" = "iPhone Developer";
				COPY_PHASE_STRIP = NO;
				DEBUG_INFORMATION_FORMAT = dwarf;
				ENABLE_STRICT_OBJC_MSGSEND = YES;
				ENABLE_TESTABILITY = YES;
				GCC_C_LANGUAGE_STANDARD = gnu99;
				GCC_DYNAMIC_NO_PIC = NO;
				GCC_NO_COMMON_BLOCKS = YES;
				GCC_OPTIMIZATION_LEVEL = 0;
				GCC_PREPROCESSOR_DEFINITIONS = (
					"DEBUG=1",
					"$(inherited)",
				);
				GCC_WARN_64_TO_32_BIT_CONVERSION = YES;
				GCC_WARN_ABOUT_RETURN_TYPE = YES_ERROR;
				GCC_WARN_UNDECLARED_SELECTOR = YES;
				GCC_WARN_UNINITIALIZED_AUTOS = YES_AGGRESSIVE;
				GCC_WARN_UNUSED_FUNCTION = YES;
				GCC_WARN_UNUSED_VARIABLE = YES;
				IPHONEOS_DEPLOYMENT_TARGET = 10.3;
				MTL_ENABLE_DEBUG_INFO = YES;
				ONLY_ACTIVE_ARCH = YES;
				SDKROOT = iphoneos;
				SWIFT_ACTIVE_COMPILATION_CONDITIONS = DEBUG;
				SWIFT_OPTIMIZATION_LEVEL = "-Onone";
				TARGETED_DEVICE_FAMILY = "1,2";
			};
			name = Debug;
		};
		1B7107EB1F44E37500DF592A /* Release */ = {
			isa = XCBuildConfiguration;
			buildSettings = {
				ALWAYS_SEARCH_USER_PATHS = NO;
				CLANG_ANALYZER_NONNULL = YES;
				CLANG_ANALYZER_NUMBER_OBJECT_CONVERSION = YES_AGGRESSIVE;
				CLANG_CXX_LANGUAGE_STANDARD = "gnu++0x";
				CLANG_CXX_LIBRARY = "libc++";
				CLANG_ENABLE_MODULES = YES;
				CLANG_ENABLE_OBJC_ARC = YES;
				CLANG_WARN_BOOL_CONVERSION = YES;
				CLANG_WARN_CONSTANT_CONVERSION = YES;
				CLANG_WARN_DIRECT_OBJC_ISA_USAGE = YES_ERROR;
				CLANG_WARN_DOCUMENTATION_COMMENTS = YES;
				CLANG_WARN_EMPTY_BODY = YES;
				CLANG_WARN_ENUM_CONVERSION = YES;
				CLANG_WARN_INFINITE_RECURSION = YES;
				CLANG_WARN_INT_CONVERSION = YES;
				CLANG_WARN_OBJC_ROOT_CLASS = YES_ERROR;
				CLANG_WARN_SUSPICIOUS_MOVE = YES;
				CLANG_WARN_UNREACHABLE_CODE = YES;
				CLANG_WARN__DUPLICATE_METHOD_MATCH = YES;
				"CODE_SIGN_IDENTITY[sdk=iphoneos*]" = "iPhone Developer";
				COPY_PHASE_STRIP = NO;
				DEBUG_INFORMATION_FORMAT = "dwarf-with-dsym";
				ENABLE_NS_ASSERTIONS = NO;
				ENABLE_STRICT_OBJC_MSGSEND = YES;
				GCC_C_LANGUAGE_STANDARD = gnu99;
				GCC_NO_COMMON_BLOCKS = YES;
				GCC_WARN_64_TO_32_BIT_CONVERSION = YES;
				GCC_WARN_ABOUT_RETURN_TYPE = YES_ERROR;
				GCC_WARN_UNDECLARED_SELECTOR = YES;
				GCC_WARN_UNINITIALIZED_AUTOS = YES_AGGRESSIVE;
				GCC_WARN_UNUSED_FUNCTION = YES;
				GCC_WARN_UNUSED_VARIABLE = YES;
				IPHONEOS_DEPLOYMENT_TARGET = 10.3;
				MTL_ENABLE_DEBUG_INFO = NO;
				SDKROOT = iphoneos;
				SWIFT_OPTIMIZATION_LEVEL = "-Owholemodule";
				TARGETED_DEVICE_FAMILY = "1,2";
				VALIDATE_PRODUCT = YES;
			};
			name = Release;
		};
		1B7107ED1F44E37500DF592A /* Debug */ = {
			isa = XCBuildConfiguration;
			buildSettings = {
				ASSETCATALOG_COMPILER_APPICON_NAME = AppIcon;
				DEVELOPMENT_TEAM = MEK3H9HNF9;
				INFOPLIST_FILE = Grow/Info.plist;
				LD_RUNPATH_SEARCH_PATHS = "$(inherited) @executable_path/Frameworks";
				PRODUCT_BUNDLE_IDENTIFIER = com.bobbrez.Grow;
				PRODUCT_NAME = "$(TARGET_NAME)";
				SWIFT_VERSION = 3.0;
			};
			name = Debug;
		};
		1B7107EE1F44E37500DF592A /* Release */ = {
			isa = XCBuildConfiguration;
			buildSettings = {
				ASSETCATALOG_COMPILER_APPICON_NAME = AppIcon;
				DEVELOPMENT_TEAM = MEK3H9HNF9;
				INFOPLIST_FILE = Grow/Info.plist;
				LD_RUNPATH_SEARCH_PATHS = "$(inherited) @executable_path/Frameworks";
				PRODUCT_BUNDLE_IDENTIFIER = com.bobbrez.Grow;
				PRODUCT_NAME = "$(TARGET_NAME)";
				SWIFT_VERSION = 3.0;
			};
			name = Release;
		};
		1B7107F01F44E37500DF592A /* Debug */ = {
			isa = XCBuildConfiguration;
			buildSettings = {
				ALWAYS_EMBED_SWIFT_STANDARD_LIBRARIES = YES;
				BUNDLE_LOADER = "$(TEST_HOST)";
				DEVELOPMENT_TEAM = MEK3H9HNF9;
				INFOPLIST_FILE = GrowTests/Info.plist;
				LD_RUNPATH_SEARCH_PATHS = "$(inherited) @executable_path/Frameworks @loader_path/Frameworks";
				PRODUCT_BUNDLE_IDENTIFIER = com.bobbrez.GrowTests;
				PRODUCT_NAME = "$(TARGET_NAME)";
				SWIFT_VERSION = 3.0;
				TEST_HOST = "$(BUILT_PRODUCTS_DIR)/Grow.app/Grow";
			};
			name = Debug;
		};
		1B7107F11F44E37500DF592A /* Release */ = {
			isa = XCBuildConfiguration;
			buildSettings = {
				ALWAYS_EMBED_SWIFT_STANDARD_LIBRARIES = YES;
				BUNDLE_LOADER = "$(TEST_HOST)";
				DEVELOPMENT_TEAM = MEK3H9HNF9;
				INFOPLIST_FILE = GrowTests/Info.plist;
				LD_RUNPATH_SEARCH_PATHS = "$(inherited) @executable_path/Frameworks @loader_path/Frameworks";
				PRODUCT_BUNDLE_IDENTIFIER = com.bobbrez.GrowTests;
				PRODUCT_NAME = "$(TARGET_NAME)";
				SWIFT_VERSION = 3.0;
				TEST_HOST = "$(BUILT_PRODUCTS_DIR)/Grow.app/Grow";
			};
			name = Release;
		};
		1B7107F31F44E37500DF592A /* Debug */ = {
			isa = XCBuildConfiguration;
			buildSettings = {
				ALWAYS_EMBED_SWIFT_STANDARD_LIBRARIES = YES;
				DEVELOPMENT_TEAM = MEK3H9HNF9;
				INFOPLIST_FILE = GrowUITests/Info.plist;
				LD_RUNPATH_SEARCH_PATHS = "$(inherited) @executable_path/Frameworks @loader_path/Frameworks";
				PRODUCT_BUNDLE_IDENTIFIER = com.bobbrez.GrowUITests;
				PRODUCT_NAME = "$(TARGET_NAME)";
				SWIFT_VERSION = 3.0;
				TEST_TARGET_NAME = Grow;
			};
			name = Debug;
		};
		1B7107F41F44E37500DF592A /* Release */ = {
			isa = XCBuildConfiguration;
			buildSettings = {
				ALWAYS_EMBED_SWIFT_STANDARD_LIBRARIES = YES;
				DEVELOPMENT_TEAM = MEK3H9HNF9;
				INFOPLIST_FILE = GrowUITests/Info.plist;
				LD_RUNPATH_SEARCH_PATHS = "$(inherited) @executable_path/Frameworks @loader_path/Frameworks";
				PRODUCT_BUNDLE_IDENTIFIER = com.bobbrez.GrowUITests;
				PRODUCT_NAME = "$(TARGET_NAME)";
				SWIFT_VERSION = 3.0;
				TEST_TARGET_NAME = Grow;
			};
			name = Release;
		};
/* End XCBuildConfiguration section */

/* Begin XCConfigurationList section */
		1B7107BC1F44E37500DF592A /* Build configuration list for PBXProject "Grow" */ = {
			isa = XCConfigurationList;
			buildConfigurations = (
				1B7107EA1F44E37500DF592A /* Debug */,
				1B7107EB1F44E37500DF592A /* Release */,
			);
			defaultConfigurationIsVisible = 0;
			defaultConfigurationName = Release;
		};
		1B7107EC1F44E37500DF592A /* Build configuration list for PBXNativeTarget "Grow" */ = {
			isa = XCConfigurationList;
			buildConfigurations = (
				1B7107ED1F44E37500DF592A /* Debug */,
				1B7107EE1F44E37500DF592A /* Release */,
			);
			defaultConfigurationIsVisible = 0;
			defaultConfigurationName = Release;
		};
		1B7107EF1F44E37500DF592A /* Build configuration list for PBXNativeTarget "GrowTests" */ = {
			isa = XCConfigurationList;
			buildConfigurations = (
				1B7107F01F44E37500DF592A /* Debug */,
				1B7107F11F44E37500DF592A /* Release */,
			);
			defaultConfigurationIsVisible = 0;
			defaultConfigurationName = Release;
		};
		1B7107F21F44E37500DF592A /* Build configuration list for PBXNativeTarget "GrowUITests" */ = {
			isa = XCConfigurationList;
			buildConfigurations = (
				1B7107F31F44E37500DF592A /* Debug */,
				1B7107F41F44E37500DF592A /* Release */,
			);
			defaultConfigurationIsVisible = 0;
			defaultConfigurationName = Release;
		};
/* End XCConfigurationList section */

/* Begin XCVersionGroup section */
		1B7107CB1F44E37500DF592A /* Grow.xcdatamodeld */ = {
			isa = XCVersionGroup;
			children = (
				1B7107CC1F44E37500DF592A /* Grow.xcdatamodel */,
			);
			currentVersion = 1B7107CC1F44E37500DF592A /* Grow.xcdatamodel */;
			path = Grow.xcdatamodeld;
			sourceTree = "<group>";
			versionGroupType = wrapper.xcdatamodel;
		};
/* End XCVersionGroup section */
	};
	rootObject = 1B7107B91F44E37500DF592A /* Project object */;
}
